{
  "name": "tamado",
  "version": "1.0.0",
  "lockfileVersion": 3,
  "requires": true,
  "packages": {
    "": {
      "name": "tamado",
      "version": "1.0.0",
      "dependencies": {
        "daisyui": "^5.7.20"
      }
    },
    "node_modules/daisyui": {
      "version": "5.7.20",
      "resolved": "https://registry.npmjs.org/daisyui/-/daisyui-5.7.20.tgz",
      "integrity": "sha512-qoL9qXXo/K/MzcteD1SvZOSeBaL8F9qBJvwX3KEpiVHQLzIEtGkNl/ZznSI7J0d+qnQJa2dAAFzTFDAx9df1rw==",
      "license": "MIT",
      "funding": {
        "url": "https://github.com/saadeghi/daisyui?sponsor=1"
      }
    }
  }
}
